
Microsoft Visual Studio Solution File, Format Version 12.00
# Visual Studio Version 17
VisualStudioVersion = 17.12.35527.113 d17.12
MinimumVisualStudioVersion = 10.0.40219.1
Project("{FAE04EC0-301F-11D3-BF4B-00C04F79EFBC}") = "КлассыВар30", "КлассыВар30\КлассыВар30.csproj", "{3FF98601-E6F2-42BF-8576-A97C3F3C45FA}"
EndProject
Global
	GlobalSection(SolutionConfigurationPlatforms) = preSolution
		Debug|Any CPU = Debug|Any CPU
		Release|Any CPU = Release|Any CPU
	EndGlobalSection
	GlobalSection(ProjectConfigurationPlatforms) = postSolution
		{3FF98601-E6F2-42BF-8576-A97C3F3C45FA}.Debug|Any CPU.ActiveCfg = Debug|Any CPU
		{3FF98601-E6F2-42BF-8576-A97C3F3C45FA}.Debug|Any CPU.Build.0 = Debug|Any CPU
		{3FF98601-E6F2-42BF-8576-A97C3F3C45FA}.Release|Any CPU.ActiveCfg = Release|Any CPU
		{3FF98601-E6F2-42BF-8576-A97C3F3C45FA}.Release|Any CPU.Build.0 = Release|Any CPU
	EndGlobalSection
	GlobalSection(SolutionProperties) = preSolution
		HideSolutionNode = FALSE
	EndGlobalSection
EndGlobal
